
Microsoft Visual Studio Solution File, Format Version 12.00
# Visual Studio Version 16
VisualStudioVersion = 16.0.30011.22
MinimumVisualStudioVersion = 10.0.40219.1
Project("{9A19103F-16F7-4668-BE54-9A1E7A4F7556}") = "TestApp", "TestApp.csproj", "{D7E8C440-A08D-4AFA-BC02-44F1DCAEF92D}"
EndProject
Global
	GlobalSection(SolutionConfigurationPlatforms) = preSolution
		Debug|Any CPU = Debug|Any CPU
		Release|Any CPU = Release|Any CPU
	EndGlobalSection
	GlobalSection(ProjectConfigurationPlatforms) = postSolution
		{D7E8C440-A08D-4AFA-BC02-44F1DCAEF92D}.Debug|Any CPU.ActiveCfg = Debug|Any CPU
		{D7E8C440-A08D-4AFA-BC02-44F1DCAEF92D}.Debug|Any CPU.Build.0 = Debug|Any CPU
		{D7E8C440-A08D-4AFA-BC02-44F1DCAEF92D}.Release|Any CPU.ActiveCfg = Release|Any CPU
		{D7E8C440-A08D-4AFA-BC02-44F1DCAEF92D}.Release|Any CPU.Build.0 = Release|Any CPU
	EndGlobalSection
	GlobalSection(SolutionProperties) = preSolution
		HideSolutionNode = FALSE
	EndGlobalSection
	GlobalSection(ExtensibilityGlobals) = postSolution
		SolutionGuid = {04841C16-2A20-40AD-BE32-3B5A9642403F}
	EndGlobalSection
EndGlobal
