
Microsoft Visual Studio Solution File, Format Version 12.00
# Visual Studio Version 16
VisualStudioVersion = 16.0.28803.202
MinimumVisualStudioVersion = 10.0.40219.1
Project("{FAE04EC0-301F-11D3-BF4B-00C04F79EFBC}") = "Shake256", "Shake256\Shake256.csproj", "{C92FD5F6-F35E-4C1E-9FCC-4D6987B498CC}"
EndProject
Project("{2150E333-8FDC-42A3-9474-1A3956D46DE8}") = "Components", "Components", "{E6B5E397-4BCD-4EBE-9628-35434DCD2E07}"
EndProject
Project("{2150E333-8FDC-42A3-9474-1A3956D46DE8}") = "UnitTests", "UnitTests", "{4F393868-4D05-4C4F-8BFE-85C2E072A49A}"
EndProject
Project("{FAE04EC0-301F-11D3-BF4B-00C04F79EFBC}") = "Shake256.Tests", "Shake256.Tests\Shake256.Tests.csproj", "{BA4D69AE-97E9-4851-9637-F6D3CB491E47}"
EndProject
Project("{2150E333-8FDC-42A3-9474-1A3956D46DE8}") = "Libraries", "Libraries", "{26696B66-8882-4A53-BB33-3DDF4C2DB497}"
	ProjectSection(SolutionItems) = preProject
		Libraries\bccrypto-csharp-1.8.5-bin\BouncyCastle.Crypto.dll = Libraries\bccrypto-csharp-1.8.5-bin\BouncyCastle.Crypto.dll
	EndProjectSection
EndProject
Global
	GlobalSection(SolutionConfigurationPlatforms) = preSolution
		Debug|Any CPU = Debug|Any CPU
		Release|Any CPU = Release|Any CPU
	EndGlobalSection
	GlobalSection(ProjectConfigurationPlatforms) = postSolution
		{C92FD5F6-F35E-4C1E-9FCC-4D6987B498CC}.Debug|Any CPU.ActiveCfg = Debug|Any CPU
		{C92FD5F6-F35E-4C1E-9FCC-4D6987B498CC}.Debug|Any CPU.Build.0 = Debug|Any CPU
		{C92FD5F6-F35E-4C1E-9FCC-4D6987B498CC}.Release|Any CPU.ActiveCfg = Release|Any CPU
		{C92FD5F6-F35E-4C1E-9FCC-4D6987B498CC}.Release|Any CPU.Build.0 = Release|Any CPU
		{BA4D69AE-97E9-4851-9637-F6D3CB491E47}.Debug|Any CPU.ActiveCfg = Debug|Any CPU
		{BA4D69AE-97E9-4851-9637-F6D3CB491E47}.Debug|Any CPU.Build.0 = Debug|Any CPU
		{BA4D69AE-97E9-4851-9637-F6D3CB491E47}.Release|Any CPU.ActiveCfg = Release|Any CPU
		{BA4D69AE-97E9-4851-9637-F6D3CB491E47}.Release|Any CPU.Build.0 = Release|Any CPU
	EndGlobalSection
	GlobalSection(SolutionProperties) = preSolution
		HideSolutionNode = FALSE
	EndGlobalSection
	GlobalSection(NestedProjects) = preSolution
		{C92FD5F6-F35E-4C1E-9FCC-4D6987B498CC} = {E6B5E397-4BCD-4EBE-9628-35434DCD2E07}
		{BA4D69AE-97E9-4851-9637-F6D3CB491E47} = {4F393868-4D05-4C4F-8BFE-85C2E072A49A}
	EndGlobalSection
	GlobalSection(ExtensibilityGlobals) = postSolution
		SolutionGuid = {72824E19-A965-45CC-85D4-F7808CED9C93}
	EndGlobalSection
EndGlobal
