
Microsoft Visual Studio Solution File, Format Version 12.00
# Visual Studio Version 16
VisualStudioVersion = 16.0.28803.202
MinimumVisualStudioVersion = 10.0.40219.1
Project("{2150E333-8FDC-42A3-9474-1A3956D46DE8}") = "Documentation", "Documentation", "{50B1A617-E6AB-4FDE-BBAF-F23C6B488C66}"
	ProjectSection(SolutionItems) = preProject
		..\documentation\necessary_algo_libraries.md = ..\documentation\necessary_algo_libraries.md
		..\documentation\README.md = ..\documentation\README.md
		..\documentation\src\StateMachine.md = ..\documentation\src\StateMachine.md
		..\documentation\understanding_otr.md = ..\documentation\understanding_otr.md
	EndProjectSection
EndProject
Project("{9A19103F-16F7-4668-BE54-9A1E7A4F7556}") = "CoreLibrary", "CoreLibrary\CoreLibrary.csproj", "{7C0B7EF2-966F-40D4-B22C-FF6084EE19F1}"
EndProject
Project("{2150E333-8FDC-42A3-9474-1A3956D46DE8}") = "UnitTests", "UnitTests", "{CBBDF5C9-67D8-4E1E-96A9-EB2076261075}"
EndProject
Project("{9A19103F-16F7-4668-BE54-9A1E7A4F7556}") = "CoreLibrary.Tests", "CoreLibrary.Tests\CoreLibrary.Tests.csproj", "{AB76D7E5-E39B-4DC9-8085-8304EBEEE8D0}"
EndProject
Project("{2150E333-8FDC-42A3-9474-1A3956D46DE8}") = "CI Pipeline", "CI Pipeline", "{1ECB2686-DF55-4C47-AFF7-B0EE880A9212}"
	ProjectSection(SolutionItems) = preProject
		..\azure-pipelines.yml = ..\azure-pipelines.yml
	EndProjectSection
EndProject
Project("{2150E333-8FDC-42A3-9474-1A3956D46DE8}") = "Solution Items", "Solution Items", "{EBCFC4E0-DA6D-4F8A-8327-74F4502A5DAD}"
	ProjectSection(SolutionItems) = preProject
		..\README.md = ..\README.md
	EndProjectSection
EndProject
Project("{9A19103F-16F7-4668-BE54-9A1E7A4F7556}") = "AlgoLibrary", "AlgoLibrary\AlgoLibrary.csproj", "{337B9F57-F02D-4637-97DC-A9BCCB0C4177}"
EndProject
Project("{9A19103F-16F7-4668-BE54-9A1E7A4F7556}") = "AlgoLibrary.Tests", "AlgoLibrary.Tests\AlgoLibrary.Tests.csproj", "{C1D614DF-8CC7-420A-BA21-E266CA2058EF}"
EndProject
Project("{2150E333-8FDC-42A3-9474-1A3956D46DE8}") = "FunctionalTests", "FunctionalTests", "{BFAC52BF-59DE-4C60-8C3E-D14A4A56AB4B}"
EndProject
Project("{FAE04EC0-301F-11D3-BF4B-00C04F79EFBC}") = "SpecFlowTests", "SpecFlowTests\SpecFlowTests.csproj", "{A1A1BD6A-F486-44D8-B644-8A3955C17B08}"
EndProject
Global
	GlobalSection(SolutionConfigurationPlatforms) = preSolution
		Debug|Any CPU = Debug|Any CPU
		Release|Any CPU = Release|Any CPU
	EndGlobalSection
	GlobalSection(ProjectConfigurationPlatforms) = postSolution
		{7C0B7EF2-966F-40D4-B22C-FF6084EE19F1}.Debug|Any CPU.ActiveCfg = Debug|Any CPU
		{7C0B7EF2-966F-40D4-B22C-FF6084EE19F1}.Debug|Any CPU.Build.0 = Debug|Any CPU
		{7C0B7EF2-966F-40D4-B22C-FF6084EE19F1}.Release|Any CPU.ActiveCfg = Release|Any CPU
		{7C0B7EF2-966F-40D4-B22C-FF6084EE19F1}.Release|Any CPU.Build.0 = Release|Any CPU
		{AB76D7E5-E39B-4DC9-8085-8304EBEEE8D0}.Debug|Any CPU.ActiveCfg = Debug|Any CPU
		{AB76D7E5-E39B-4DC9-8085-8304EBEEE8D0}.Debug|Any CPU.Build.0 = Debug|Any CPU
		{AB76D7E5-E39B-4DC9-8085-8304EBEEE8D0}.Release|Any CPU.ActiveCfg = Release|Any CPU
		{AB76D7E5-E39B-4DC9-8085-8304EBEEE8D0}.Release|Any CPU.Build.0 = Release|Any CPU
		{337B9F57-F02D-4637-97DC-A9BCCB0C4177}.Debug|Any CPU.ActiveCfg = Debug|Any CPU
		{337B9F57-F02D-4637-97DC-A9BCCB0C4177}.Debug|Any CPU.Build.0 = Debug|Any CPU
		{337B9F57-F02D-4637-97DC-A9BCCB0C4177}.Release|Any CPU.ActiveCfg = Release|Any CPU
		{337B9F57-F02D-4637-97DC-A9BCCB0C4177}.Release|Any CPU.Build.0 = Release|Any CPU
		{C1D614DF-8CC7-420A-BA21-E266CA2058EF}.Debug|Any CPU.ActiveCfg = Debug|Any CPU
		{C1D614DF-8CC7-420A-BA21-E266CA2058EF}.Debug|Any CPU.Build.0 = Debug|Any CPU
		{C1D614DF-8CC7-420A-BA21-E266CA2058EF}.Release|Any CPU.ActiveCfg = Release|Any CPU
		{C1D614DF-8CC7-420A-BA21-E266CA2058EF}.Release|Any CPU.Build.0 = Release|Any CPU
		{A1A1BD6A-F486-44D8-B644-8A3955C17B08}.Debug|Any CPU.ActiveCfg = Debug|Any CPU
		{A1A1BD6A-F486-44D8-B644-8A3955C17B08}.Debug|Any CPU.Build.0 = Debug|Any CPU
		{A1A1BD6A-F486-44D8-B644-8A3955C17B08}.Release|Any CPU.ActiveCfg = Release|Any CPU
		{A1A1BD6A-F486-44D8-B644-8A3955C17B08}.Release|Any CPU.Build.0 = Release|Any CPU
	EndGlobalSection
	GlobalSection(SolutionProperties) = preSolution
		HideSolutionNode = FALSE
	EndGlobalSection
	GlobalSection(NestedProjects) = preSolution
		{AB76D7E5-E39B-4DC9-8085-8304EBEEE8D0} = {CBBDF5C9-67D8-4E1E-96A9-EB2076261075}
		{C1D614DF-8CC7-420A-BA21-E266CA2058EF} = {CBBDF5C9-67D8-4E1E-96A9-EB2076261075}
		{A1A1BD6A-F486-44D8-B644-8A3955C17B08} = {BFAC52BF-59DE-4C60-8C3E-D14A4A56AB4B}
	EndGlobalSection
	GlobalSection(ExtensibilityGlobals) = postSolution
		SolutionGuid = {72824E19-A965-45CC-85D4-F7808CED9C93}
	EndGlobalSection
EndGlobal
